PODS:
  - REIOSSDK_79f647df_f43f_44b2_8cf3_e6a2a975f9ee (1.0.17)

DEPENDENCIES:
  - REIOSSDK_79f647df_f43f_44b2_8cf3_e6a2a975f9ee

SPEC REPOS:
  trunk:
    - REIOSSDK_79f647df_f43f_44b2_8cf3_e6a2a975f9ee

SPEC CHECKSUMS:
  REIOSSDK_79f647df_f43f_44b2_8cf3_e6a2a975f9ee: 0400d8873ff949fa03f52447c77ee0cb2c5fff17

PODFILE CHECKSUM: ea13cf44f06ee81727008d7cfbf9d7de197e2b3a

COCOAPODS: 1.11.2
